
Microsoft Visual Studio Solution File, Format Version 12.00
# Visual Studio Version 17
VisualStudioVersion = 17.0.31903.59
MinimumVisualStudioVersion = 10.0.40219.1
Project("{2150E333-8FDC-42A3-9474-1A3956D46DE8}") = "src", "src", "{A9991564-F6E7-4747-92CE-15AEBDCDCC68}"
EndProject
Project("{9A19103F-16F7-4668-BE54-9A1E7A4F7556}") = "Aiursoft.AiurProtocol", "src\Aiursoft.AiurProtocol\Aiursoft.AiurProtocol.csproj", "{D843EE02-19F9-44D4-9804-B70895E64A77}"
EndProject
Project("{9A19103F-16F7-4668-BE54-9A1E7A4F7556}") = "Aiursoft.AiurProtocol.Abstractions", "src\Aiursoft.AiurProtocol.Abstractions\Aiursoft.AiurProtocol.Abstractions.csproj", "{A1C8E1C7-8DFC-4F81-9C94-CCF74B5C79CC}"
EndProject
Project("{2150E333-8FDC-42A3-9474-1A3956D46DE8}") = "abstractions", "abstractions", "{A211A03A-4F83-417F-AC72-76B7716F6760}"
EndProject
Project("{2150E333-8FDC-42A3-9474-1A3956D46DE8}") = "demo", "demo", "{4085B9FC-714D-43B9-A13C-69519E83B193}"
EndProject
Project("{FAE04EC0-301F-11D3-BF4B-00C04F79EFBC}") = "DemoApiApp", "demo\DemoApiApp\DemoApiApp.csproj", "{E42BD4B3-A946-4EB1-87D7-E04E5CC8BAB6}"
EndProject
Project("{FAE04EC0-301F-11D3-BF4B-00C04F79EFBC}") = "DemoApiApp.Sdk", "demo\DemoApiApp.Sdk\DemoApiApp.Sdk.csproj", "{80028F83-4306-484A-812D-49A746CA7F20}"
EndProject
Project("{2150E333-8FDC-42A3-9474-1A3956D46DE8}") = "tests", "tests", "{9E582F31-BC89-43C6-B451-930CC5A2A48C}"
EndProject
Project("{FAE04EC0-301F-11D3-BF4B-00C04F79EFBC}") = "DemoApiApp.Tests", "tests\DemoApiApp.Tests\DemoApiApp.Tests.csproj", "{8A52114E-BE1E-4D35-A616-35EE0AEE2F07}"
EndProject
Global
	GlobalSection(SolutionConfigurationPlatforms) = preSolution
		Debug|Any CPU = Debug|Any CPU
		Release|Any CPU = Release|Any CPU
	EndGlobalSection
	GlobalSection(ProjectConfigurationPlatforms) = postSolution
		{D843EE02-19F9-44D4-9804-B70895E64A77}.Debug|Any CPU.ActiveCfg = Debug|Any CPU
		{D843EE02-19F9-44D4-9804-B70895E64A77}.Debug|Any CPU.Build.0 = Debug|Any CPU
		{D843EE02-19F9-44D4-9804-B70895E64A77}.Release|Any CPU.ActiveCfg = Release|Any CPU
		{D843EE02-19F9-44D4-9804-B70895E64A77}.Release|Any CPU.Build.0 = Release|Any CPU
		{A1C8E1C7-8DFC-4F81-9C94-CCF74B5C79CC}.Debug|Any CPU.ActiveCfg = Debug|Any CPU
		{A1C8E1C7-8DFC-4F81-9C94-CCF74B5C79CC}.Debug|Any CPU.Build.0 = Debug|Any CPU
		{A1C8E1C7-8DFC-4F81-9C94-CCF74B5C79CC}.Release|Any CPU.ActiveCfg = Release|Any CPU
		{A1C8E1C7-8DFC-4F81-9C94-CCF74B5C79CC}.Release|Any CPU.Build.0 = Release|Any CPU
		{E42BD4B3-A946-4EB1-87D7-E04E5CC8BAB6}.Debug|Any CPU.ActiveCfg = Debug|Any CPU
		{E42BD4B3-A946-4EB1-87D7-E04E5CC8BAB6}.Debug|Any CPU.Build.0 = Debug|Any CPU
		{E42BD4B3-A946-4EB1-87D7-E04E5CC8BAB6}.Release|Any CPU.ActiveCfg = Release|Any CPU
		{E42BD4B3-A946-4EB1-87D7-E04E5CC8BAB6}.Release|Any CPU.Build.0 = Release|Any CPU
		{80028F83-4306-484A-812D-49A746CA7F20}.Debug|Any CPU.ActiveCfg = Debug|Any CPU
		{80028F83-4306-484A-812D-49A746CA7F20}.Debug|Any CPU.Build.0 = Debug|Any CPU
		{80028F83-4306-484A-812D-49A746CA7F20}.Release|Any CPU.ActiveCfg = Release|Any CPU
		{80028F83-4306-484A-812D-49A746CA7F20}.Release|Any CPU.Build.0 = Release|Any CPU
		{8A52114E-BE1E-4D35-A616-35EE0AEE2F07}.Debug|Any CPU.ActiveCfg = Debug|Any CPU
		{8A52114E-BE1E-4D35-A616-35EE0AEE2F07}.Debug|Any CPU.Build.0 = Debug|Any CPU
		{8A52114E-BE1E-4D35-A616-35EE0AEE2F07}.Release|Any CPU.ActiveCfg = Release|Any CPU
		{8A52114E-BE1E-4D35-A616-35EE0AEE2F07}.Release|Any CPU.Build.0 = Release|Any CPU
	EndGlobalSection
	GlobalSection(SolutionProperties) = preSolution
		HideSolutionNode = FALSE
	EndGlobalSection
	GlobalSection(NestedProjects) = preSolution
		{D843EE02-19F9-44D4-9804-B70895E64A77} = {A9991564-F6E7-4747-92CE-15AEBDCDCC68}
		{A1C8E1C7-8DFC-4F81-9C94-CCF74B5C79CC} = {A211A03A-4F83-417F-AC72-76B7716F6760}
		{E42BD4B3-A946-4EB1-87D7-E04E5CC8BAB6} = {4085B9FC-714D-43B9-A13C-69519E83B193}
		{80028F83-4306-484A-812D-49A746CA7F20} = {4085B9FC-714D-43B9-A13C-69519E83B193}
		{8A52114E-BE1E-4D35-A616-35EE0AEE2F07} = {9E582F31-BC89-43C6-B451-930CC5A2A48C}
	EndGlobalSection
	GlobalSection(ExtensibilityGlobals) = postSolution
		SolutionGuid = {29F419B7-7BD4-495D-89CE-923649735457}
	EndGlobalSection
EndGlobal
